// !$*UTF8*$!
{
	archiveVersion = 1;
	classes = {
	};
	objectVersion = 50;
	objects = {

/* Begin PBXBuildFile section */
		02658A0424DF2EA3004B2337 /* AppDelegate.swift in Sources */ = {isa = PBXBuildFile; fileRef = 02658A0324DF2EA3004B2337 /* AppDelegate.swift */; };
		02658A0624DF2EA3004B2337 /* SceneDelegate.swift in Sources */ = {isa = PBXBuildFile; fileRef = 02658A0524DF2EA3004B2337 /* SceneDelegate.swift */; };
		02658A0824DF2EA3004B2337 /* ViewController.swift in Sources */ = {isa = PBXBuildFile; fileRef = 02658A0724DF2EA3004B2337 /* ViewController.swift */; };
		02658A0B24DF2EA3004B2337 /* Main.storyboard in Resources */ = {isa = PBXBuildFile; fileRef = 02658A0924DF2EA3004B2337 /* Main.storyboard */; };
		02658A0D24DF2EA4004B2337 /* Assets.xcassets in Resources */ = {isa = PBXBuildFile; fileRef = 02658A0C24DF2EA4004B2337 /* Assets.xcassets */; };
		02658A1024DF2EA4004B2337 /* LaunchScreen.storyboard in Resources */ = {isa = PBXBuildFile; fileRef = 02658A0E24DF2EA4004B2337 /* LaunchScreen.storyboard */; };
		02658A1E24DF302B004B2337 /* enPointProtocol.swift in Sources */ = {isa = PBXBuildFile; fileRef = 02658A1D24DF302B004B2337 /* enPointProtocol.swift */; };
		02658A2024DF31DC004B2337 /* HTTPMethod .swift in Sources */ = {isa = PBXBuildFile; fileRef = 02658A1F24DF31DC004B2337 /* HTTPMethod .swift */; };
		02658A2224DF32D4004B2337 /* HTTPTask.swift in Sources */ = {isa = PBXBuildFile; fileRef = 02658A2124DF32D4004B2337 /* HTTPTask.swift */; };
		02658A2424DF34D6004B2337 /* parameters.swift in Sources */ = {isa = PBXBuildFile; fileRef = 02658A2324DF34D6004B2337 /* parameters.swift */; };
		02658A2624DF4178004B2337 /* URLParameterEncoder.swift in Sources */ = {isa = PBXBuildFile; fileRef = 02658A2524DF4178004B2337 /* URLParameterEncoder.swift */; };
		02658A2824DF5D58004B2337 /* jsonParameterEncoder.swift in Sources */ = {isa = PBXBuildFile; fileRef = 02658A2724DF5D57004B2337 /* jsonParameterEncoder.swift */; };
		02658A2A24DF6FFB004B2337 /* NetworkRouter .swift in Sources */ = {isa = PBXBuildFile; fileRef = 02658A2924DF6FFB004B2337 /* NetworkRouter .swift */; };
		02658A2C24DF7628004B2337 /* Router.swift in Sources */ = {isa = PBXBuildFile; fileRef = 02658A2B24DF7628004B2337 /* Router.swift */; };
/* End PBXBuildFile section */

/* Begin PBXFileReference section */
		02658A0024DF2EA3004B2337 /* networkLayer.app */ = {isa = PBXFileReference; explicitFileType = wrapper.application; includeInIndex = 0; path = networkLayer.app; sourceTree = BUILT_PRODUCTS_DIR; };
		02658A0324DF2EA3004B2337 /* AppDelegate.swift */ = {isa = PBXFileReference; lastKnownFileType = sourcecode.swift; path = AppDelegate.swift; sourceTree = "<group>"; };
		02658A0524DF2EA3004B2337 /* SceneDelegate.swift */ = {isa = PBXFileReference; lastKnownFileType = sourcecode.swift; path = SceneDelegate.swift; sourceTree = "<group>"; };
		02658A0724DF2EA3004B2337 /* ViewController.swift */ = {isa = PBXFileReference; lastKnownFileType = sourcecode.swift; path = ViewController.swift; sourceTree = "<group>"; };
		02658A0A24DF2EA3004B2337 /* Base */ = {isa = PBXFileReference; lastKnownFileType = file.storyboard; name = Base; path = Base.lproj/Main.storyboard; sourceTree = "<group>"; };
		02658A0C24DF2EA4004B2337 /* Assets.xcassets */ = {isa = PBXFileReference; lastKnownFileType = folder.assetcatalog; path = Assets.xcassets; sourceTree = "<group>"; };
		02658A0F24DF2EA4004B2337 /* Base */ = {isa = PBXFileReference; lastKnownFileType = file.storyboard; name = Base; path = Base.lproj/LaunchScreen.storyboard; sourceTree = "<group>"; };
		02658A1124DF2EA4004B2337 /* Info.plist */ = {isa = PBXFileReference; lastKnownFileType = text.plist.xml; path = Info.plist; sourceTree = "<group>"; };
		02658A1D24DF302B004B2337 /* enPointProtocol.swift */ = {isa = PBXFileReference; lastKnownFileType = sourcecode.swift; path = enPointProtocol.swift; sourceTree = "<group>"; };
		02658A1F24DF31DC004B2337 /* HTTPMethod .swift */ = {isa = PBXFileReference; lastKnownFileType = sourcecode.swift; path = "HTTPMethod .swift"; sourceTree = "<group>"; };
		02658A2124DF32D4004B2337 /* HTTPTask.swift */ = {isa = PBXFileReference; lastKnownFileType = sourcecode.swift; path = HTTPTask.swift; sourceTree = "<group>"; };
		02658A2324DF34D6004B2337 /* parameters.swift */ = {isa = PBXFileReference; lastKnownFileType = sourcecode.swift; path = parameters.swift; sourceTree = "<group>"; };
		02658A2524DF4178004B2337 /* URLParameterEncoder.swift */ = {isa = PBXFileReference; lastKnownFileType = sourcecode.swift; path = URLParameterEncoder.swift; sourceTree = "<group>"; };
		02658A2724DF5D57004B2337 /* jsonParameterEncoder.swift */ = {isa = PBXFileReference; lastKnownFileType = sourcecode.swift; path = jsonParameterEncoder.swift; sourceTree = "<group>"; };
		02658A2924DF6FFB004B2337 /* NetworkRouter .swift */ = {isa = PBXFileReference; lastKnownFileType = sourcecode.swift; path = "NetworkRouter .swift"; sourceTree = "<group>"; };
		02658A2B24DF7628004B2337 /* Router.swift */ = {isa = PBXFileReference; lastKnownFileType = sourcecode.swift; path = Router.swift; sourceTree = "<group>"; };
/* End PBXFileReference section */

/* Begin PBXFrameworksBuildPhase section */
		026589FD24DF2EA3004B2337 /* Frameworks */ = {
			isa = PBXFrameworksBuildPhase;
			buildActionMask = 2147483647;
			files = (
			);
			runOnlyForDeploymentPostprocessing = 0;
		};
/* End PBXFrameworksBuildPhase section */

/* Begin PBXGroup section */
		026589F724DF2EA3004B2337 = {
			isa = PBXGroup;
			children = (
				02658A0224DF2EA3004B2337 /* networkLayer */,
				02658A0124DF2EA3004B2337 /* Products */,
			);
			sourceTree = "<group>";
		};
		02658A0124DF2EA3004B2337 /* Products */ = {
			isa = PBXGroup;
			children = (
				02658A0024DF2EA3004B2337 /* networkLayer.app */,
			);
			name = Products;
			sourceTree = "<group>";
		};
		02658A0224DF2EA3004B2337 /* networkLayer */ = {
			isa = PBXGroup;
			children = (
				02658A0324DF2EA3004B2337 /* AppDelegate.swift */,
				02658A0524DF2EA3004B2337 /* SceneDelegate.swift */,
				02658A1824DF2F5C004B2337 /* ViewController  */,
				02658A1724DF2F38004B2337 /* Networking  */,
				02658A0924DF2EA3004B2337 /* Main.storyboard */,
				02658A0C24DF2EA4004B2337 /* Assets.xcassets */,
				02658A0E24DF2EA4004B2337 /* LaunchScreen.storyboard */,
				02658A1124DF2EA4004B2337 /* Info.plist */,
			);
			path = networkLayer;
			sourceTree = "<group>";
		};
		02658A1724DF2F38004B2337 /* Networking  */ = {
			isa = PBXGroup;
			children = (
				02658A1C24DF2FBB004B2337 /* Encoding  */,
				02658A1B24DF2FA7004B2337 /* servicesIn  */,
				02658A1A24DF2F8F004B2337 /* Network Manager  */,
				02658A1924DF2F73004B2337 /* End points */,
			);
			path = "Networking ";
			sourceTree = "<group>";
		};
		02658A1824DF2F5C004B2337 /* ViewController  */ = {
			isa = PBXGroup;
			children = (
				02658A0724DF2EA3004B2337 /* ViewController.swift */,
			);
			path = "ViewController ";
			sourceTree = "<group>";
		};
		02658A1924DF2F73004B2337 /* End points */ = {
			isa = PBXGroup;
			children = (
			);
			path = "End points";
			sourceTree = "<group>";
		};
		02658A1A24DF2F8F004B2337 /* Network Manager  */ = {
			isa = PBXGroup;
			children = (
			);
			path = "Network Manager ";
			sourceTree = "<group>";
		};
		02658A1B24DF2FA7004B2337 /* servicesIn  */ = {
			isa = PBXGroup;
			children = (
				02658A1D24DF302B004B2337 /* enPointProtocol.swift */,
				02658A1F24DF31DC004B2337 /* HTTPMethod .swift */,
				02658A2124DF32D4004B2337 /* HTTPTask.swift */,
				02658A2924DF6FFB004B2337 /* NetworkRouter .swift */,
				02658A2B24DF7628004B2337 /* Router.swift */,
			);
			path = "servicesIn ";
			sourceTree = "<group>";
		};
		02658A1C24DF2FBB004B2337 /* Encoding  */ = {
			isa = PBXGroup;
			children = (
				02658A2324DF34D6004B2337 /* parameters.swift */,
				02658A2524DF4178004B2337 /* URLParameterEncoder.swift */,
				02658A2724DF5D57004B2337 /* jsonParameterEncoder.swift */,
			);
			path = "Encoding ";
			sourceTree = "<group>";
		};
/* End PBXGroup section */

/* Begin PBXNativeTarget section */
		026589FF24DF2EA3004B2337 /* networkLayer */ = {
			isa = PBXNativeTarget;
			buildConfigurationList = 02658A1424DF2EA4004B2337 /* Build configuration list for PBXNativeTarget "networkLayer" */;
			buildPhases = (
				026589FC24DF2EA3004B2337 /* Sources */,
				026589FD24DF2EA3004B2337 /* Frameworks */,
				026589FE24DF2EA3004B2337 /* Resources */,
			);
			buildRules = (
			);
			dependencies = (
			);
			name = networkLayer;
			productName = networkLayer;
			productReference = 02658A0024DF2EA3004B2337 /* networkLayer.app */;
			productType = "com.apple.product-type.application";
		};
/* End PBXNativeTarget section */

/* Begin PBXProject section */
		026589F824DF2EA3004B2337 /* Project object */ = {
			isa = PBXProject;
			attributes = {
				LastSwiftUpdateCheck = 1160;
				LastUpgradeCheck = 1160;
				ORGANIZATIONNAME = BVH;
				TargetAttributes = {
					026589FF24DF2EA3004B2337 = {
						CreatedOnToolsVersion = 11.6;
					};
				};
			};
			buildConfigurationList = 026589FB24DF2EA3004B2337 /* Build configuration list for PBXProject "networkLayer" */;
			compatibilityVersion = "Xcode 9.3";
			developmentRegion = en;
			hasScannedForEncodings = 0;
			knownRegions = (
				en,
				Base,
			);
			mainGroup = 026589F724DF2EA3004B2337;
			productRefGroup = 02658A0124DF2EA3004B2337 /* Products */;
			projectDirPath = "";
			projectRoot = "";
			targets = (
				026589FF24DF2EA3004B2337 /* networkLayer */,
			);
		};
/* End PBXProject section */

/* Begin PBXResourcesBuildPhase section */
		026589FE24DF2EA3004B2337 /* Resources */ = {
			isa = PBXResourcesBuildPhase;
			buildActionMask = 2147483647;
			files = (
				02658A1024DF2EA4004B2337 /* LaunchScreen.storyboard in Resources */,
				02658A0D24DF2EA4004B2337 /* Assets.xcassets in Resources */,
				02658A0B24DF2EA3004B2337 /* Main.storyboard in Resources */,
			);
			runOnlyForDeploymentPostprocessing = 0;
		};
/* End PBXResourcesBuildPhase section */

/* Begin PBXSourcesBuildPhase section */
		026589FC24DF2EA3004B2337 /* Sources */ = {
			isa = PBXSourcesBuildPhase;
			buildActionMask = 2147483647;
			files = (
				02658A2C24DF7628004B2337 /* Router.swift in Sources */,
				02658A2624DF4178004B2337 /* URLParameterEncoder.swift in Sources */,
				02658A2224DF32D4004B2337 /* HTTPTask.swift in Sources */,
				02658A2A24DF6FFB004B2337 /* NetworkRouter .swift in Sources */,
				02658A0824DF2EA3004B2337 /* ViewController.swift in Sources */,
				02658A0424DF2EA3004B2337 /* AppDelegate.swift in Sources */,
				02658A0624DF2EA3004B2337 /* SceneDelegate.swift in Sources */,
				02658A2024DF31DC004B2337 /* HTTPMethod .swift in Sources */,
				02658A2824DF5D58004B2337 /* jsonParameterEncoder.swift in Sources */,
				02658A2424DF34D6004B2337 /* parameters.swift in Sources */,
				02658A1E24DF302B004B2337 /* enPointProtocol.swift in Sources */,
			);
			runOnlyForDeploymentPostprocessing = 0;
		};
/* End PBXSourcesBuildPhase section */

/* Begin PBXVariantGroup section */
		02658A0924DF2EA3004B2337 /* Main.storyboard */ = {
			isa = PBXVariantGroup;
			children = (
				02658A0A24DF2EA3004B2337 /* Base */,
			);
			name = Main.storyboard;
			sourceTree = "<group>";
		};
		02658A0E24DF2EA4004B2337 /* LaunchScreen.storyboard */ = {
			isa = PBXVariantGroup;
			children = (
				02658A0F24DF2EA4004B2337 /* Base */,
			);
			name = LaunchScreen.storyboard;
			sourceTree = "<group>";
		};
/* End PBXVariantGroup section */

/* Begin XCBuildConfiguration section */
		02658A1224DF2EA4004B2337 /* Debug */ = {
			isa = XCBuildConfiguration;
			buildSettings = {
				ALWAYS_SEARCH_USER_PATHS = NO;
				CLANG_ANALYZER_NONNULL = YES;
				CLANG_ANALYZER_NUMBER_OBJECT_CONVERSION = YES_AGGRESSIVE;
				CLANG_CXX_LANGUAGE_STANDARD = "gnu++14";
				CLANG_CXX_LIBRARY = "libc++";
				CLANG_ENABLE_MODULES = YES;
				CLANG_ENABLE_OBJC_ARC = YES;
				CLANG_ENABLE_OBJC_WEAK = YES;
				CLANG_WARN_BLOCK_CAPTURE_AUTORELEASING = YES;
				CLANG_WARN_BOOL_CONVERSION = YES;
				CLANG_WARN_COMMA = YES;
				CLANG_WARN_CONSTANT_CONVERSION = YES;
				CLANG_WARN_DEPRECATED_OBJC_IMPLEMENTATIONS = YES;
				CLANG_WARN_DIRECT_OBJC_ISA_USAGE = YES_ERROR;
				CLANG_WARN_DOCUMENTATION_COMMENTS = YES;
				CLANG_WARN_EMPTY_BODY = YES;
				CLANG_WARN_ENUM_CONVERSION = YES;
				CLANG_WARN_INFINITE_RECURSION = YES;
				CLANG_WARN_INT_CONVERSION = YES;
				CLANG_WARN_NON_LITERAL_NULL_CONVERSION = YES;
				CLANG_WARN_OBJC_IMPLICIT_RETAIN_SELF = YES;
				CLANG_WARN_OBJC_LITERAL_CONVERSION = YES;
				CLANG_WARN_OBJC_ROOT_CLASS = YES_ERROR;
				CLANG_WARN_RANGE_LOOP_ANALYSIS = YES;
				CLANG_WARN_STRICT_PROTOTYPES = YES;
				CLANG_WARN_SUSPICIOUS_MOVE = YES;
				CLANG_WARN_UNGUARDED_AVAILABILITY = YES_AGGRESSIVE;
				CLANG_WARN_UNREACHABLE_CODE = YES;
				CLANG_WARN__DUPLICATE_METHOD_MATCH = YES;
				COPY_PHASE_STRIP = NO;
				DEBUG_INFORMATION_FORMAT = dwarf;
				ENABLE_STRICT_OBJC_MSGSEND = YES;
				ENABLE_TESTABILITY = YES;
				GCC_C_LANGUAGE_STANDARD = gnu11;
				GCC_DYNAMIC_NO_PIC = NO;
				GCC_NO_COMMON_BLOCKS = YES;
				GCC_OPTIMIZATION_LEVEL = 0;
				GCC_PREPROCESSOR_DEFINITIONS = (
					"DEBUG=1",
					"$(inherited)",
				);
				GCC_WARN_64_TO_32_BIT_CONVERSION = YES;
				GCC_WARN_ABOUT_RETURN_TYPE = YES_ERROR;
				GCC_WARN_UNDECLARED_SELECTOR = YES;
				GCC_WARN_UNINITIALIZED_AUTOS = YES_AGGRESSIVE;
				GCC_WARN_UNUSED_FUNCTION = YES;
				GCC_WARN_UNUSED_VARIABLE = YES;
				IPHONEOS_DEPLOYMENT_TARGET = 13.6;
				MTL_ENABLE_DEBUG_INFO = INCLUDE_SOURCE;
				MTL_FAST_MATH = YES;
				ONLY_ACTIVE_ARCH = YES;
				SDKROOT = iphoneos;
				SWIFT_ACTIVE_COMPILATION_CONDITIONS = DEBUG;
				SWIFT_OPTIMIZATION_LEVEL = "-Onone";
			};
			name = Debug;
		};
		02658A1324DF2EA4004B2337 /* Release */ = {
			isa = XCBuildConfiguration;
			buildSettings = {
				ALWAYS_SEARCH_USER_PATHS = NO;
				CLANG_ANALYZER_NONNULL = YES;
				CLANG_ANALYZER_NUMBER_OBJECT_CONVERSION = YES_AGGRESSIVE;
				CLANG_CXX_LANGUAGE_STANDARD = "gnu++14";
				CLANG_CXX_LIBRARY = "libc++";
				CLANG_ENABLE_MODULES = YES;
				CLANG_ENABLE_OBJC_ARC = YES;
				CLANG_ENABLE_OBJC_WEAK = YES;
				CLANG_WARN_BLOCK_CAPTURE_AUTORELEASING = YES;
				CLANG_WARN_BOOL_CONVERSION = YES;
				CLANG_WARN_COMMA = YES;
				CLANG_WARN_CONSTANT_CONVERSION = YES;
				CLANG_WARN_DEPRECATED_OBJC_IMPLEMENTATIONS = YES;
				CLANG_WARN_DIRECT_OBJC_ISA_USAGE = YES_ERROR;
				CLANG_WARN_DOCUMENTATION_COMMENTS = YES;
				CLANG_WARN_EMPTY_BODY = YES;
				CLANG_WARN_ENUM_CONVERSION = YES;
				CLANG_WARN_INFINITE_RECURSION = YES;
				CLANG_WARN_INT_CONVERSION = YES;
				CLANG_WARN_NON_LITERAL_NULL_CONVERSION = YES;
				CLANG_WARN_OBJC_IMPLICIT_RETAIN_SELF = YES;
				CLANG_WARN_OBJC_LITERAL_CONVERSION = YES;
				CLANG_WARN_OBJC_ROOT_CLASS = YES_ERROR;
				CLANG_WARN_RANGE_LOOP_ANALYSIS = YES;
				CLANG_WARN_STRICT_PROTOTYPES = YES;
				CLANG_WARN_SUSPICIOUS_MOVE = YES;
				CLANG_WARN_UNGUARDED_AVAILABILITY = YES_AGGRESSIVE;
				CLANG_WARN_UNREACHABLE_CODE = YES;
				CLANG_WARN__DUPLICATE_METHOD_MATCH = YES;
				COPY_PHASE_STRIP = NO;
				DEBUG_INFORMATION_FORMAT = "dwarf-with-dsym";
				ENABLE_NS_ASSERTIONS = NO;
				ENABLE_STRICT_OBJC_MSGSEND = YES;
				GCC_C_LANGUAGE_STANDARD = gnu11;
				GCC_NO_COMMON_BLOCKS = YES;
				GCC_WARN_64_TO_32_BIT_CONVERSION = YES;
				GCC_WARN_ABOUT_RETURN_TYPE = YES_ERROR;
				GCC_WARN_UNDECLARED_SELECTOR = YES;
				GCC_WARN_UNINITIALIZED_AUTOS = YES_AGGRESSIVE;
				GCC_WARN_UNUSED_FUNCTION = YES;
				GCC_WARN_UNUSED_VARIABLE = YES;
				IPHONEOS_DEPLOYMENT_TARGET = 13.6;
				MTL_ENABLE_DEBUG_INFO = NO;
				MTL_FAST_MATH = YES;
				SDKROOT = iphoneos;
				SWIFT_COMPILATION_MODE = wholemodule;
				SWIFT_OPTIMIZATION_LEVEL = "-O";
				VALIDATE_PRODUCT = YES;
			};
			name = Release;
		};
		02658A1524DF2EA4004B2337 /* Debug */ = {
			isa = XCBuildConfiguration;
			buildSettings = {
				ASSETCATALOG_COMPILER_APPICON_NAME = AppIcon;
				CODE_SIGN_STYLE = Automatic;
				DEVELOPMENT_TEAM = S43N2473JA;
				INFOPLIST_FILE = networkLayer/Info.plist;
				LD_RUNPATH_SEARCH_PATHS = (
					"$(inherited)",
					"@executable_path/Frameworks",
				);
				PRODUCT_BUNDLE_IDENTIFIER = harsha.networkLayer;
				PRODUCT_NAME = "$(TARGET_NAME)";
				SWIFT_VERSION = 5.0;
				TARGETED_DEVICE_FAMILY = "1,2";
			};
			name = Debug;
		};
		02658A1624DF2EA4004B2337 /* Release */ = {
			isa = XCBuildConfiguration;
			buildSettings = {
				ASSETCATALOG_COMPILER_APPICON_NAME = AppIcon;
				CODE_SIGN_STYLE = Automatic;
				DEVELOPMENT_TEAM = S43N2473JA;
				INFOPLIST_FILE = networkLayer/Info.plist;
				LD_RUNPATH_SEARCH_PATHS = (
					"$(inherited)",
					"@executable_path/Frameworks",
				);
				PRODUCT_BUNDLE_IDENTIFIER = harsha.networkLayer;
				PRODUCT_NAME = "$(TARGET_NAME)";
				SWIFT_VERSION = 5.0;
				TARGETED_DEVICE_FAMILY = "1,2";
			};
			name = Release;
		};
/* End XCBuildConfiguration section */

/* Begin XCConfigurationList section */
		026589FB24DF2EA3004B2337 /* Build configuration list for PBXProject "networkLayer" */ = {
			isa = XCConfigurationList;
			buildConfigurations = (
				02658A1224DF2EA4004B2337 /* Debug */,
				02658A1324DF2EA4004B2337 /* Release */,
			);
			defaultConfigurationIsVisible = 0;
			defaultConfigurationName = Release;
		};
		02658A1424DF2EA4004B2337 /* Build configuration list for PBXNativeTarget "networkLayer" */ = {
			isa = XCConfigurationList;
			buildConfigurations = (
				02658A1524DF2EA4004B2337 /* Debug */,
				02658A1624DF2EA4004B2337 /* Release */,
			);
			defaultConfigurationIsVisible = 0;
			defaultConfigurationName = Release;
		};
/* End XCConfigurationList section */
	};
	rootObject = 026589F824DF2EA3004B2337 /* Project object */;
}
